
Microsoft Visual Studio Solution File, Format Version 12.00
# Visual Studio Version 17
VisualStudioVersion = 17.4.33110.190
MinimumVisualStudioVersion = 10.0.40219.1
Project("{FAE04EC0-301F-11D3-BF4B-00C04F79EFBC}") = "winner", "winner\winner.csproj", "{38813156-BBB6-408D-878A-D3DA29565F97}"
EndProject
Global
	GlobalSection(SolutionConfigurationPlatforms) = preSolution
		Debug|Any CPU = Debug|Any CPU
		Release|Any CPU = Release|Any CPU
	EndGlobalSection
	GlobalSection(ProjectConfigurationPlatforms) = postSolution
		{38813156-BBB6-408D-878A-D3DA29565F97}.Debug|Any CPU.ActiveCfg = Debug|Any CPU
		{38813156-BBB6-408D-878A-D3DA29565F97}.Debug|Any CPU.Build.0 = Debug|Any CPU
		{38813156-BBB6-408D-878A-D3DA29565F97}.Release|Any CPU.ActiveCfg = Release|Any CPU
		{38813156-BBB6-408D-878A-D3DA29565F97}.Release|Any CPU.Build.0 = Release|Any CPU
	EndGlobalSection
	GlobalSection(SolutionProperties) = preSolution
		HideSolutionNode = FALSE
	EndGlobalSection
	GlobalSection(ExtensibilityGlobals) = postSolution
		SolutionGuid = {D6503203-20C0-472C-9520-90753E81416C}
	EndGlobalSection
EndGlobal
